{
    "_readme": [
        "This file locks the dependencies of your project to a known state",
        "Read more about it at https://getcomposer.org/doc/01-basic-usage.md#composer-lock-the-lock-file",
        "This file is @generated automatically"
    ],
    "hash": "f963b3f8b9de3292a1eb6736db0e757d",
    "content-hash": "2a9f8ba4ad9b297d1bfbdbe7808afd58",
    "packages": [
        {
            "name": "beberlei/assert",
            "version": "v2.5",
            "source": {
                "type": "git",
                "url": "https://github.com/beberlei/assert.git",
                "reference": "91e2690c4ecc8a4e3e2d333430069f6a0c694a7a"
            },
            "dist": {
                "type": "zip",
                "url": "https://api.github.com/repos/beberlei/assert/zipball/91e2690c4ecc8a4e3e2d333430069f6a0c694a7a",
                "reference": "91e2690c4ecc8a4e3e2d333430069f6a0c694a7a",
                "shasum": ""
            },
            "require": {
                "ext-mbstring": "*",
                "php": ">=5.3"
            },
            "require-dev": {
                "phpunit/phpunit": "@stable"
            },
            "type": "library",
            "extra": {
                "branch-alias": {
                    "dev-master": "2.3-dev"
                }
            },
            "autoload": {
                "psr-0": {
                    "Assert": "lib/"
                },
                "files": [
                    "lib/Assert/functions.php"
                ]
            },
            "notification-url": "https://packagist.org/downloads/",
            "license": [
                "BSD-2-Clause"
            ],
            "authors": [
                {
                    "name": "Benjamin Eberlei",
                    "email": "kontakt@beberlei.de"
                }
            ],
            "description": "Thin assertion library for input validation in business models.",
            "keywords": [
                "assert",
                "assertion",
                "validation"
            ],
            "time": "2016-03-22 14:34:51"
        },
        {
            "name": "brightnucleus/config",
            "version": "v0.3.1",
            "source": {
                "type": "git",
                "url": "https://github.com/brightnucleus/config.git",
                "reference": "26d54982f2d51f9a06bcba190efcba4d8423bb43"
            },
            "dist": {
                "type": "zip",
                "url": "https://api.github.com/repos/brightnucleus/config/zipball/26d54982f2d51f9a06bcba190efcba4d8423bb43",
                "reference": "26d54982f2d51f9a06bcba190efcba4d8423bb43",
                "shasum": ""
            },
            "require": {
                "beberlei/assert": ">=2.5",
                "brightnucleus/exceptions": ">=0.2",
                "symfony/options-resolver": ">=2.8"
            },
            "require-dev": {
                "php-composter/php-composter-phpcs-psr2": "^0.2.0",
                "phpunit/phpunit": "~4",
                "squizlabs/php_codesniffer": "~2.5"
            },
            "type": "library",
            "autoload": {
                "psr-4": {
                    "BrightNucleus\\Config\\": "src/"
                }
            },
            "notification-url": "https://packagist.org/downloads/",
            "license": [
                "GPL-2.0+"
            ],
            "authors": [
                {
                    "name": "Alain Schlesser",
                    "email": "alain.schlesser@gmail.com"
                }
            ],
            "description": "Minimal, reusable Config component.",
            "time": "2016-04-05 07:53:18"
        },
        {
            "name": "brightnucleus/exceptions",
            "version": "v0.2.4",
            "source": {
                "type": "git",
                "url": "https://github.com/brightnucleus/exceptions.git",
                "reference": "3b845348bb934599e39bfa8f838185b219ddd5a9"
            },
            "dist": {
                "type": "zip",
                "url": "https://api.github.com/repos/brightnucleus/exceptions/zipball/3b845348bb934599e39bfa8f838185b219ddd5a9",
                "reference": "3b845348bb934599e39bfa8f838185b219ddd5a9",
                "shasum": ""
            },
            "require": {
                "beberlei/assert": ">=2.5"
            },
            "require-dev": {
                "phpunit/phpunit": "~4",
                "squizlabs/php_codesniffer": "~2.5"
            },
            "type": "library",
            "autoload": {
                "psr-4": {
                    "BrightNucleus\\Exception\\": "src/"
                }
            },
            "notification-url": "https://packagist.org/downloads/",
            "license": [
                "GPL-2.0+"
            ],
            "authors": [
                {
                    "name": "Alain Schlesser",
                    "email": "alain.schlesser@gmail.com"
                }
            ],
            "description": "Exceptions shared across Bright Nucleus components.",
            "time": "2016-04-05 07:46:33"
        },
        {
            "name": "brightnucleus/invoker",
            "version": "v0.1.6",
            "source": {
                "type": "git",
                "url": "https://github.com/brightnucleus/invoker.git",
                "reference": "593539ea3f1eb416ee04c7397f62ec8f5b75cf40"
            },
            "dist": {
                "type": "zip",
                "url": "https://api.github.com/repos/brightnucleus/invoker/zipball/593539ea3f1eb416ee04c7397f62ec8f5b75cf40",
                "reference": "593539ea3f1eb416ee04c7397f62ec8f5b75cf40",
                "shasum": ""
            },
            "require": {
                "brightnucleus/exceptions": "^0.2"
            },
            "require-dev": {
                "phpunit/phpunit": "~4",
                "squizlabs/php_codesniffer": "~2.5"
            },
            "type": "library",
            "autoload": {
                "psr-4": {
                    "BrightNucleus\\Invoker\\": "src/"
                }
            },
            "notification-url": "https://packagist.org/downloads/",
            "license": [
                "GPL-2.0+"
            ],
            "authors": [
                {
                    "name": "Alain Schlesser",
                    "email": "alain.schlesser@gmail.com"
                }
            ],
            "description": "Function and method invoking traits that match named arguments in the right order.",
            "time": "2016-02-26 09:45:55"
        },
        {
            "name": "symfony/options-resolver",
            "version": "v3.0.4",
            "source": {
                "type": "git",
                "url": "https://github.com/symfony/options-resolver.git",
                "reference": "9a05ccd013e9089c3503d740503fb9357c8c341c"
            },
            "dist": {
                "type": "zip",
                "url": "https://api.github.com/repos/symfony/options-resolver/zipball/9a05ccd013e9089c3503d740503fb9357c8c341c",
                "reference": "9a05ccd013e9089c3503d740503fb9357c8c341c",
                "shasum": ""
            },
            "require": {
                "php": ">=5.5.9"
            },
            "type": "library",
            "extra": {
                "branch-alias": {
                    "dev-master": "3.0-dev"
                }
            },
            "autoload": {
                "psr-4": {
                    "Symfony\\Component\\OptionsResolver\\": ""
                },
                "exclude-from-classmap": [
                    "/Tests/"
                ]
            },
            "notification-url": "https://packagist.org/downloads/",
            "license": [
                "MIT"
            ],
            "authors": [
                {
                    "name": "Fabien Potencier",
                    "email": "fabien@symfony.com"
                },
                {
                    "name": "Symfony Community",
                    "homepage": "https://symfony.com/contributors"
                }
            ],
            "description": "Symfony OptionsResolver Component",
            "homepage": "https://symfony.com",
            "keywords": [
                "config",
                "configuration",
                "options"
            ],
            "time": "2016-03-04 07:55:57"
        }
    ],
    "packages-dev": [],
    "aliases": [],
    "minimum-stability": "stable",
    "stability-flags": [],
    "prefer-stable": false,
    "prefer-lowest": false,
    "platform": [],
    "platform-dev": []
}
